
Microsoft Visual Studio Solution File, Format Version 12.00
# Visual Studio Version 16
VisualStudioVersion = 25.0.1706.7
MinimumVisualStudioVersion = 10.0.40219.1
Project("{FAE04EC0-301F-11D3-BF4B-00C04F79EFBC}") = "SampleBlazor_1", "SampleBlazor_1\SampleBlazor_1.csproj", "{5D59089F-B0F8-4E9F-A32E-66EDE80B25CE}"
EndProject
Global
	GlobalSection(SolutionConfigurationPlatforms) = preSolution
		Debug|Any CPU = Debug|Any CPU
		Release|Any CPU = Release|Any CPU
	EndGlobalSection
	GlobalSection(ProjectConfigurationPlatforms) = postSolution
		{5D59089F-B0F8-4E9F-A32E-66EDE80B25CE}.Debug|Any CPU.ActiveCfg = Debug|Any CPU
		{5D59089F-B0F8-4E9F-A32E-66EDE80B25CE}.Debug|Any CPU.Build.0 = Debug|Any CPU
		{5D59089F-B0F8-4E9F-A32E-66EDE80B25CE}.Release|Any CPU.ActiveCfg = Release|Any CPU
		{5D59089F-B0F8-4E9F-A32E-66EDE80B25CE}.Release|Any CPU.Build.0 = Release|Any CPU
	EndGlobalSection
	GlobalSection(SolutionProperties) = preSolution
		HideSolutionNode = FALSE
	EndGlobalSection
	GlobalSection(ExtensibilityGlobals) = postSolution
		SolutionGuid = {D405AB64-2CE0-4972-8988-AB87F654B6D7}
	EndGlobalSection
EndGlobal
